
Microsoft Visual Studio Solution File, Format Version 12.00
# Visual Studio Version 17
VisualStudioVersion = 17.5.002.0
MinimumVisualStudioVersion = 10.0.40219.1
Project("{9A19103F-16F7-4668-BE54-9A1E7A4F7556}") = "demo_english_school", "demo_english_school.csproj", "{BDB6CA2C-7A37-439E-8FE4-A7F10E7ADF6B}"
EndProject
Global
	GlobalSection(SolutionConfigurationPlatforms) = preSolution
		Debug|Any CPU = Debug|Any CPU
		Release|Any CPU = Release|Any CPU
	EndGlobalSection
	GlobalSection(ProjectConfigurationPlatforms) = postSolution
		{BDB6CA2C-7A37-439E-8FE4-A7F10E7ADF6B}.Debug|Any CPU.ActiveCfg = Debug|Any CPU
		{BDB6CA2C-7A37-439E-8FE4-A7F10E7ADF6B}.Debug|Any CPU.Build.0 = Debug|Any CPU
		{BDB6CA2C-7A37-439E-8FE4-A7F10E7ADF6B}.Release|Any CPU.ActiveCfg = Release|Any CPU
		{BDB6CA2C-7A37-439E-8FE4-A7F10E7ADF6B}.Release|Any CPU.Build.0 = Release|Any CPU
	EndGlobalSection
	GlobalSection(SolutionProperties) = preSolution
		HideSolutionNode = FALSE
	EndGlobalSection
	GlobalSection(ExtensibilityGlobals) = postSolution
		SolutionGuid = {ACEC9D4A-FABA-4311-90D4-10C98FE81077}
	EndGlobalSection
EndGlobal
